// !$*UTF8*$!
{
	archiveVersion = 1;
	classes = {
	};
	objectVersion = 50;
	objects = {

/* Begin PBXBuildFile section */
		2C9AEB35221C61C500F3A4C3 /* Orders.swift in Sources */ = {isa = PBXBuildFile; fileRef = 2C9AEB34221C61C500F3A4C3 /* Orders.swift */; };
		2C9AEB37221C661800F3A4C3 /* ShippingInfo.swift in Sources */ = {isa = PBXBuildFile; fileRef = 2C9AEB36221C661800F3A4C3 /* ShippingInfo.swift */; };
		2C9AEB39221C683200F3A4C3 /* OrderDetails.swift in Sources */ = {isa = PBXBuildFile; fileRef = 2C9AEB38221C683200F3A4C3 /* OrderDetails.swift */; };
		2C9AEB3B221C6D2100F3A4C3 /* ShoppingCart.swift in Sources */ = {isa = PBXBuildFile; fileRef = 2C9AEB3A221C6D2100F3A4C3 /* ShoppingCart.swift */; };
		2C9AEB3D221C812800F3A4C3 /* User.swift in Sources */ = {isa = PBXBuildFile; fileRef = 2C9AEB3C221C812800F3A4C3 /* User.swift */; };
		2C9AEB3F221C822000F3A4C3 /* Administrator.swift in Sources */ = {isa = PBXBuildFile; fileRef = 2C9AEB3E221C822000F3A4C3 /* Administrator.swift */; };
		2C9AEB41221C89A600F3A4C3 /* Products.swift in Sources */ = {isa = PBXBuildFile; fileRef = 2C9AEB40221C89A600F3A4C3 /* Products.swift */; };
		9BE12B91221F72C20067FD6A /* extension.swift in Sources */ = {isa = PBXBuildFile; fileRef = 9BE12B90221F72C20067FD6A /* extension.swift */; };
		9BE12B93221F93640067FD6A /* IDisplay.swift in Sources */ = {isa = PBXBuildFile; fileRef = 9BE12B92221F93640067FD6A /* IDisplay.swift */; };
		9BE26BBF2217970300E57DE0 /* main.swift in Sources */ = {isa = PBXBuildFile; fileRef = 9BE26BBE2217970300E57DE0 /* main.swift */; };
		9BE26BC62217974800E57DE0 /* Customer.swift in Sources */ = {isa = PBXBuildFile; fileRef = 9BE26BC52217974800E57DE0 /* Customer.swift */; };
/* End PBXBuildFile section */

/* Begin PBXCopyFilesBuildPhase section */
		9BE26BB92217970300E57DE0 /* CopyFiles */ = {
			isa = PBXCopyFilesBuildPhase;
			buildActionMask = 2147483647;
			dstPath = /usr/share/man/man1/;
			dstSubfolderSpec = 0;
			files = (
			);
			runOnlyForDeploymentPostprocessing = 1;
		};
/* End PBXCopyFilesBuildPhase section */

/* Begin PBXFileReference section */
		2C9AEB34221C61C500F3A4C3 /* Orders.swift */ = {isa = PBXFileReference; lastKnownFileType = sourcecode.swift; path = Orders.swift; sourceTree = "<group>"; };
		2C9AEB36221C661800F3A4C3 /* ShippingInfo.swift */ = {isa = PBXFileReference; lastKnownFileType = sourcecode.swift; path = ShippingInfo.swift; sourceTree = "<group>"; };
		2C9AEB38221C683200F3A4C3 /* OrderDetails.swift */ = {isa = PBXFileReference; lastKnownFileType = sourcecode.swift; path = OrderDetails.swift; sourceTree = "<group>"; };
		2C9AEB3A221C6D2100F3A4C3 /* ShoppingCart.swift */ = {isa = PBXFileReference; lastKnownFileType = sourcecode.swift; path = ShoppingCart.swift; sourceTree = "<group>"; };
		2C9AEB3C221C812800F3A4C3 /* User.swift */ = {isa = PBXFileReference; lastKnownFileType = sourcecode.swift; path = User.swift; sourceTree = "<group>"; };
		2C9AEB3E221C822000F3A4C3 /* Administrator.swift */ = {isa = PBXFileReference; lastKnownFileType = sourcecode.swift; path = Administrator.swift; sourceTree = "<group>"; };
		2C9AEB40221C89A600F3A4C3 /* Products.swift */ = {isa = PBXFileReference; lastKnownFileType = sourcecode.swift; path = Products.swift; sourceTree = "<group>"; };
		9BE12B90221F72C20067FD6A /* extension.swift */ = {isa = PBXFileReference; lastKnownFileType = sourcecode.swift; path = extension.swift; sourceTree = "<group>"; };
		9BE12B92221F93640067FD6A /* IDisplay.swift */ = {isa = PBXFileReference; lastKnownFileType = sourcecode.swift; path = IDisplay.swift; sourceTree = "<group>"; };
		9BE26BBB2217970300E57DE0 /* Group9_W2019_MAD3004_FP(Swift) */ = {isa = PBXFileReference; explicitFileType = "compiled.mach-o.executable"; includeInIndex = 0; path = "Group9_W2019_MAD3004_FP(Swift)"; sourceTree = BUILT_PRODUCTS_DIR; };
		9BE26BBE2217970300E57DE0 /* main.swift */ = {isa = PBXFileReference; lastKnownFileType = sourcecode.swift; path = main.swift; sourceTree = "<group>"; };
		9BE26BC52217974800E57DE0 /* Customer.swift */ = {isa = PBXFileReference; lastKnownFileType = sourcecode.swift; path = Customer.swift; sourceTree = "<group>"; };
/* End PBXFileReference section */

/* Begin PBXFrameworksBuildPhase section */
		9BE26BB82217970300E57DE0 /* Frameworks */ = {
			isa = PBXFrameworksBuildPhase;
			buildActionMask = 2147483647;
			files = (
			);
			runOnlyForDeploymentPostprocessing = 0;
		};
/* End PBXFrameworksBuildPhase section */

/* Begin PBXGroup section */
		9BE26BB22217970300E57DE0 = {
			isa = PBXGroup;
			children = (
				9BE26BBD2217970300E57DE0 /* Group9_W2019_MAD3004_FP(Swift) */,
				9BE26BBC2217970300E57DE0 /* Products */,
			);
			sourceTree = "<group>";
		};
		9BE26BBC2217970300E57DE0 /* Products */ = {
			isa = PBXGroup;
			children = (
				9BE26BBB2217970300E57DE0 /* Group9_W2019_MAD3004_FP(Swift) */,
			);
			name = Products;
			sourceTree = "<group>";
		};
		9BE26BBD2217970300E57DE0 /* Group9_W2019_MAD3004_FP(Swift) */ = {
			isa = PBXGroup;
			children = (
				9BE26BBE2217970300E57DE0 /* main.swift */,
				9BE12B92221F93640067FD6A /* IDisplay.swift */,
				2C9AEB40221C89A600F3A4C3 /* Products.swift */,
				9BE26BC52217974800E57DE0 /* Customer.swift */,
				2C9AEB34221C61C500F3A4C3 /* Orders.swift */,
				9BE12B90221F72C20067FD6A /* extension.swift */,
				2C9AEB36221C661800F3A4C3 /* ShippingInfo.swift */,
				2C9AEB38221C683200F3A4C3 /* OrderDetails.swift */,
				2C9AEB3A221C6D2100F3A4C3 /* ShoppingCart.swift */,
				2C9AEB3C221C812800F3A4C3 /* User.swift */,
				2C9AEB3E221C822000F3A4C3 /* Administrator.swift */,
			);
			path = "Group9_W2019_MAD3004_FP(Swift)";
			sourceTree = "<group>";
		};
/* End PBXGroup section */

/* Begin PBXNativeTarget section */
		9BE26BBA2217970300E57DE0 /* Group9_W2019_MAD3004_FP(Swift) */ = {
			isa = PBXNativeTarget;
			buildConfigurationList = 9BE26BC22217970300E57DE0 /* Build configuration list for PBXNativeTarget "Group9_W2019_MAD3004_FP(Swift)" */;
			buildPhases = (
				9BE26BB72217970300E57DE0 /* Sources */,
				9BE26BB82217970300E57DE0 /* Frameworks */,
				9BE26BB92217970300E57DE0 /* CopyFiles */,
			);
			buildRules = (
			);
			dependencies = (
			);
			name = "Group9_W2019_MAD3004_FP(Swift)";
			productName = "Group9_W2019_MAD3004_FP(Swift)";
			productReference = 9BE26BBB2217970300E57DE0 /* Group9_W2019_MAD3004_FP(Swift) */;
			productType = "com.apple.product-type.tool";
		};
/* End PBXNativeTarget section */

/* Begin PBXProject section */
		9BE26BB32217970300E57DE0 /* Project object */ = {
			isa = PBXProject;
			attributes = {
				LastSwiftUpdateCheck = 1010;
				LastUpgradeCheck = 1010;
				ORGANIZATIONNAME = MacStudent;
				TargetAttributes = {
					9BE26BBA2217970300E57DE0 = {
						CreatedOnToolsVersion = 10.1;
					};
				};
			};
			buildConfigurationList = 9BE26BB62217970300E57DE0 /* Build configuration list for PBXProject "Group9_W2019_MAD3004_FP(Swift)" */;
			compatibilityVersion = "Xcode 9.3";
			developmentRegion = en;
			hasScannedForEncodings = 0;
			knownRegions = (
				en,
			);
			mainGroup = 9BE26BB22217970300E57DE0;
			productRefGroup = 9BE26BBC2217970300E57DE0 /* Products */;
			projectDirPath = "";
			projectRoot = "";
			targets = (
				9BE26BBA2217970300E57DE0 /* Group9_W2019_MAD3004_FP(Swift) */,
			);
		};
/* End PBXProject section */

/* Begin PBXSourcesBuildPhase section */
		9BE26BB72217970300E57DE0 /* Sources */ = {
			isa = PBXSourcesBuildPhase;
			buildActionMask = 2147483647;
			files = (
				2C9AEB41221C89A600F3A4C3 /* Products.swift in Sources */,
				2C9AEB39221C683200F3A4C3 /* OrderDetails.swift in Sources */,
				2C9AEB3B221C6D2100F3A4C3 /* ShoppingCart.swift in Sources */,
				9BE12B91221F72C20067FD6A /* extension.swift in Sources */,
				9BE26BBF2217970300E57DE0 /* main.swift in Sources */,
				2C9AEB35221C61C500F3A4C3 /* Orders.swift in Sources */,
				9BE26BC62217974800E57DE0 /* Customer.swift in Sources */,
				2C9AEB37221C661800F3A4C3 /* ShippingInfo.swift in Sources */,
				9BE12B93221F93640067FD6A /* IDisplay.swift in Sources */,
				2C9AEB3D221C812800F3A4C3 /* User.swift in Sources */,
				2C9AEB3F221C822000F3A4C3 /* Administrator.swift in Sources */,
			);
			runOnlyForDeploymentPostprocessing = 0;
		};
/* End PBXSourcesBuildPhase section */

/* Begin XCBuildConfiguration section */
		9BE26BC02217970300E57DE0 /* Debug */ = {
			isa = XCBuildConfiguration;
			buildSettings = {
				ALWAYS_SEARCH_USER_PATHS = NO;
				CLANG_ANALYZER_NONNULL = YES;
				CLANG_ANALYZER_NUMBER_OBJECT_CONVERSION = YES_AGGRESSIVE;
				CLANG_CXX_LANGUAGE_STANDARD = "gnu++14";
				CLANG_CXX_LIBRARY = "libc++";
				CLANG_ENABLE_MODULES = YES;
				CLANG_ENABLE_OBJC_ARC = YES;
				CLANG_ENABLE_OBJC_WEAK = YES;
				CLANG_WARN_BLOCK_CAPTURE_AUTORELEASING = YES;
				CLANG_WARN_BOOL_CONVERSION = YES;
				CLANG_WARN_COMMA = YES;
				CLANG_WARN_CONSTANT_CONVERSION = YES;
				CLANG_WARN_DEPRECATED_OBJC_IMPLEMENTATIONS = YES;
				CLANG_WARN_DIRECT_OBJC_ISA_USAGE = YES_ERROR;
				CLANG_WARN_DOCUMENTATION_COMMENTS = YES;
				CLANG_WARN_EMPTY_BODY = YES;
				CLANG_WARN_ENUM_CONVERSION = YES;
				CLANG_WARN_INFINITE_RECURSION = YES;
				CLANG_WARN_INT_CONVERSION = YES;
				CLANG_WARN_NON_LITERAL_NULL_CONVERSION = YES;
				CLANG_WARN_OBJC_IMPLICIT_RETAIN_SELF = YES;
				CLANG_WARN_OBJC_LITERAL_CONVERSION = YES;
				CLANG_WARN_OBJC_ROOT_CLASS = YES_ERROR;
				CLANG_WARN_RANGE_LOOP_ANALYSIS = YES;
				CLANG_WARN_STRICT_PROTOTYPES = YES;
				CLANG_WARN_SUSPICIOUS_MOVE = YES;
				CLANG_WARN_UNGUARDED_AVAILABILITY = YES_AGGRESSIVE;
				CLANG_WARN_UNREACHABLE_CODE = YES;
				CLANG_WARN__DUPLICATE_METHOD_MATCH = YES;
				CODE_SIGN_IDENTITY = "-";
				COPY_PHASE_STRIP = NO;
				DEBUG_INFORMATION_FORMAT = dwarf;
				ENABLE_STRICT_OBJC_MSGSEND = YES;
				ENABLE_TESTABILITY = YES;
				GCC_C_LANGUAGE_STANDARD = gnu11;
				GCC_DYNAMIC_NO_PIC = NO;
				GCC_NO_COMMON_BLOCKS = YES;
				GCC_OPTIMIZATION_LEVEL = 0;
				GCC_PREPROCESSOR_DEFINITIONS = (
					"DEBUG=1",
					"$(inherited)",
				);
				GCC_WARN_64_TO_32_BIT_CONVERSION = YES;
				GCC_WARN_ABOUT_RETURN_TYPE = YES_ERROR;
				GCC_WARN_UNDECLARED_SELECTOR = YES;
				GCC_WARN_UNINITIALIZED_AUTOS = YES_AGGRESSIVE;
				GCC_WARN_UNUSED_FUNCTION = YES;
				GCC_WARN_UNUSED_VARIABLE = YES;
				MACOSX_DEPLOYMENT_TARGET = 10.14;
				MTL_ENABLE_DEBUG_INFO = INCLUDE_SOURCE;
				MTL_FAST_MATH = YES;
				ONLY_ACTIVE_ARCH = YES;
				SDKROOT = macosx;
				SWIFT_ACTIVE_COMPILATION_CONDITIONS = DEBUG;
				SWIFT_OPTIMIZATION_LEVEL = "-Onone";
			};
			name = Debug;
		};
		9BE26BC12217970300E57DE0 /* Release */ = {
			isa = XCBuildConfiguration;
			buildSettings = {
				ALWAYS_SEARCH_USER_PATHS = NO;
				CLANG_ANALYZER_NONNULL = YES;
				CLANG_ANALYZER_NUMBER_OBJECT_CONVERSION = YES_AGGRESSIVE;
				CLANG_CXX_LANGUAGE_STANDARD = "gnu++14";
				CLANG_CXX_LIBRARY = "libc++";
				CLANG_ENABLE_MODULES = YES;
				CLANG_ENABLE_OBJC_ARC = YES;
				CLANG_ENABLE_OBJC_WEAK = YES;
				CLANG_WARN_BLOCK_CAPTURE_AUTORELEASING = YES;
				CLANG_WARN_BOOL_CONVERSION = YES;
				CLANG_WARN_COMMA = YES;
				CLANG_WARN_CONSTANT_CONVERSION = YES;
				CLANG_WARN_DEPRECATED_OBJC_IMPLEMENTATIONS = YES;
				CLANG_WARN_DIRECT_OBJC_ISA_USAGE = YES_ERROR;
				CLANG_WARN_DOCUMENTATION_COMMENTS = YES;
				CLANG_WARN_EMPTY_BODY = YES;
				CLANG_WARN_ENUM_CONVERSION = YES;
				CLANG_WARN_INFINITE_RECURSION = YES;
				CLANG_WARN_INT_CONVERSION = YES;
				CLANG_WARN_NON_LITERAL_NULL_CONVERSION = YES;
				CLANG_WARN_OBJC_IMPLICIT_RETAIN_SELF = YES;
				CLANG_WARN_OBJC_LITERAL_CONVERSION = YES;
				CLANG_WARN_OBJC_ROOT_CLASS = YES_ERROR;
				CLANG_WARN_RANGE_LOOP_ANALYSIS = YES;
				CLANG_WARN_STRICT_PROTOTYPES = YES;
				CLANG_WARN_SUSPICIOUS_MOVE = YES;
				CLANG_WARN_UNGUARDED_AVAILABILITY = YES_AGGRESSIVE;
				CLANG_WARN_UNREACHABLE_CODE = YES;
				CLANG_WARN__DUPLICATE_METHOD_MATCH = YES;
				CODE_SIGN_IDENTITY = "-";
				COPY_PHASE_STRIP = NO;
				DEBUG_INFORMATION_FORMAT = "dwarf-with-dsym";
				ENABLE_NS_ASSERTIONS = NO;
				ENABLE_STRICT_OBJC_MSGSEND = YES;
				GCC_C_LANGUAGE_STANDARD = gnu11;
				GCC_NO_COMMON_BLOCKS = YES;
				GCC_WARN_64_TO_32_BIT_CONVERSION = YES;
				GCC_WARN_ABOUT_RETURN_TYPE = YES_ERROR;
				GCC_WARN_UNDECLARED_SELECTOR = YES;
				GCC_WARN_UNINITIALIZED_AUTOS = YES_AGGRESSIVE;
				GCC_WARN_UNUSED_FUNCTION = YES;
				GCC_WARN_UNUSED_VARIABLE = YES;
				MACOSX_DEPLOYMENT_TARGET = 10.14;
				MTL_ENABLE_DEBUG_INFO = NO;
				MTL_FAST_MATH = YES;
				SDKROOT = macosx;
				SWIFT_COMPILATION_MODE = wholemodule;
				SWIFT_OPTIMIZATION_LEVEL = "-O";
			};
			name = Release;
		};
		9BE26BC32217970300E57DE0 /* Debug */ = {
			isa = XCBuildConfiguration;
			buildSettings = {
				CODE_SIGN_IDENTITY = "Mac Developer";
				CODE_SIGN_STYLE = Manual;
				DEVELOPMENT_TEAM = "";
				PRODUCT_NAME = "$(TARGET_NAME)";
				PROVISIONING_PROFILE_SPECIFIER = "";
				SWIFT_VERSION = 4.2;
			};
			name = Debug;
		};
		9BE26BC42217970300E57DE0 /* Release */ = {
			isa = XCBuildConfiguration;
			buildSettings = {
				CODE_SIGN_IDENTITY = "Mac Developer";
				CODE_SIGN_STYLE = Manual;
				DEVELOPMENT_TEAM = "";
				PRODUCT_NAME = "$(TARGET_NAME)";
				PROVISIONING_PROFILE_SPECIFIER = "";
				SWIFT_VERSION = 4.2;
			};
			name = Release;
		};
/* End XCBuildConfiguration section */

/* Begin XCConfigurationList section */
		9BE26BB62217970300E57DE0 /* Build configuration list for PBXProject "Group9_W2019_MAD3004_FP(Swift)" */ = {
			isa = XCConfigurationList;
			buildConfigurations = (
				9BE26BC02217970300E57DE0 /* Debug */,
				9BE26BC12217970300E57DE0 /* Release */,
			);
			defaultConfigurationIsVisible = 0;
			defaultConfigurationName = Release;
		};
		9BE26BC22217970300E57DE0 /* Build configuration list for PBXNativeTarget "Group9_W2019_MAD3004_FP(Swift)" */ = {
			isa = XCConfigurationList;
			buildConfigurations = (
				9BE26BC32217970300E57DE0 /* Debug */,
				9BE26BC42217970300E57DE0 /* Release */,
			);
			defaultConfigurationIsVisible = 0;
			defaultConfigurationName = Release;
		};
/* End XCConfigurationList section */
	};
	rootObject = 9BE26BB32217970300E57DE0 /* Project object */;
}
